
Microsoft Visual Studio Solution File, Format Version 12.00
# Visual Studio Version 17
VisualStudioVersion = 17.0.31612.314
MinimumVisualStudioVersion = 10.0.40219.1
Project("{FAE04EC0-301F-11D3-BF4B-00C04F79EFBC}") = "Practica3", "Practica3\Practica3.csproj", "{C96B32DC-FF6A-4F8C-A21D-DBCEB456CDDB}"
EndProject
Global
	GlobalSection(SolutionConfigurationPlatforms) = preSolution
		Debug|Any CPU = Debug|Any CPU
		Release|Any CPU = Release|Any CPU
	EndGlobalSection
	GlobalSection(ProjectConfigurationPlatforms) = postSolution
		{C96B32DC-FF6A-4F8C-A21D-DBCEB456CDDB}.Debug|Any CPU.ActiveCfg = Debug|Any CPU
		{C96B32DC-FF6A-4F8C-A21D-DBCEB456CDDB}.Debug|Any CPU.Build.0 = Debug|Any CPU
		{C96B32DC-FF6A-4F8C-A21D-DBCEB456CDDB}.Release|Any CPU.ActiveCfg = Release|Any CPU
		{C96B32DC-FF6A-4F8C-A21D-DBCEB456CDDB}.Release|Any CPU.Build.0 = Release|Any CPU
	EndGlobalSection
	GlobalSection(SolutionProperties) = preSolution
		HideSolutionNode = FALSE
	EndGlobalSection
	GlobalSection(ExtensibilityGlobals) = postSolution
		SolutionGuid = {BA2EA126-63CE-477B-B0FE-3D60AC9EB412}
	EndGlobalSection
EndGlobal
